PODS:
  - Bolts/Tasks (1.8.4)
  - Crashlytics (3.7.2):
    - Fabric (~> 1.6.3)
  - EaseUI (3.1.2)
  - Fabric (1.6.7)
  - FirebaseAnalytics (3.2.1):
    - FirebaseInstanceID (~> 1.0)
    - GoogleInterchangeUtilities (~> 1.2)
    - GoogleSymbolUtilities (~> 1.1)
    - GoogleUtilities (~> 1.3)
  - FirebaseInstanceID (1.0.7)
  - Google/Analytics (3.0.3):
    - Google/Core
    - GoogleAnalytics (~> 3.12)
  - Google/Core (3.0.3):
    - FirebaseAnalytics (~> 3.2)
  - GoogleAnalytics (3.14.0)
  - GoogleCloudMessaging (1.2.0):
    - GoogleInterchangeUtilities (~> 1.0)
    - GoogleIPhoneUtilities (~> 1.0)
    - GoogleSymbolUtilities (~> 1.0)
  - GoogleInterchangeUtilities (1.2.1):
    - GoogleSymbolUtilities (~> 1.0)
  - GoogleIPhoneUtilities (1.2.1):
    - GoogleSymbolUtilities (~> 1.0)
    - GoogleUtilities (~> 1.0)
  - GoogleSymbolUtilities (1.1.1)
  - GoogleUtilities (1.3.1):
    - GoogleSymbolUtilities (~> 1.0)
  - HyphenateFull-SDK (3.1.4)
  - Parse (1.14.2):
    - Bolts/Tasks (~> 1.8)
  - SlimeRefresh (0.0.1)

DEPENDENCIES:
  - Crashlytics
  - EaseUI (from `https://github.com/HyphenateInc/hyphenate-easeui-ios`)
  - Fabric
  - Google/Analytics
  - GoogleCloudMessaging (~> 1.2)
  - HyphenateFull-SDK
  - Parse
  - SlimeRefresh

EXTERNAL SOURCES:
  EaseUI:
    :git: https://github.com/HyphenateInc/hyphenate-easeui-ios

CHECKOUT OPTIONS:
  EaseUI:
    :commit: 713c71644f40e3822ac704771180687d213d93c7
    :git: https://github.com/HyphenateInc/hyphenate-easeui-ios

SPEC CHECKSUMS:
  Bolts: 8a7995239dbe724f9cba2248b766d48b7ebdd322
  Crashlytics: 130ab943f8c78cda7a814b434f270b2e2c8a3cba
  EaseUI: 330b7ccf569d77724ec6439fd505a8717944f04c
  Fabric: caf7580c725e64db144f610ac65cd60956911dc7
  FirebaseAnalytics: 0fd6532cb2c3d03cd5cf26ad295ccb091efd3104
  FirebaseInstanceID: a9d923f3d0b6fbf9fac89310860357aaadc34be5
  Google: 813c467362eabc11385f5a5cc9ad0cb651a58f4e
  GoogleAnalytics: 9be1afdb8deeac4bb5f13ca7f7d3b9db2a1f43dc
  GoogleCloudMessaging: f37ea14dd0f41d4d889c10b5559dd35bbfd9ac26
  GoogleInterchangeUtilities: def8415a862effc67d549d5b5b0b9c7a2f97d4de
  GoogleIPhoneUtilities: 63f25e93a3ddcb66884d182aab3a660d98f1479b
  GoogleSymbolUtilities: 33117db1b5f290c6fbf259585e4885b4c84b98d7
  GoogleUtilities: 56c5ac05b7aa5dc417a1bb85221a9516e04d7032
  HyphenateFull-SDK: ccfd2680f2793589df449d77a85ec337ab7cdf0a
  Parse: 4335d65f40cb3d43190d723144bbe1afb9c38230
  SlimeRefresh: c70e370dccfa8d74d4c3ff9702769d2b156a50e6

PODFILE CHECKSUM: 5cc7de00f60f98dd46e8c22afcfb42f697f79c31

COCOAPODS: 1.0.1
